
Microsoft Visual Studio Solution File, Format Version 12.00
# Visual Studio Version 16
VisualStudioVersion = 16.0.30104.148
MinimumVisualStudioVersion = 10.0.40219.1
Project("{FAE04EC0-301F-11D3-BF4B-00C04F79EFBC}") = "Wave2", "Wave2\Wave2.csproj", "{07FF583F-D7FE-40F9-B2A1-46C288124331}"
EndProject
Global
	GlobalSection(SolutionConfigurationPlatforms) = preSolution
		Debug|Any CPU = Debug|Any CPU
		Release|Any CPU = Release|Any CPU
	EndGlobalSection
	GlobalSection(ProjectConfigurationPlatforms) = postSolution
		{07FF583F-D7FE-40F9-B2A1-46C288124331}.Debug|Any CPU.ActiveCfg = Debug|Any CPU
		{07FF583F-D7FE-40F9-B2A1-46C288124331}.Debug|Any CPU.Build.0 = Debug|Any CPU
		{07FF583F-D7FE-40F9-B2A1-46C288124331}.Release|Any CPU.ActiveCfg = Release|Any CPU
		{07FF583F-D7FE-40F9-B2A1-46C288124331}.Release|Any CPU.Build.0 = Release|Any CPU
	EndGlobalSection
	GlobalSection(SolutionProperties) = preSolution
		HideSolutionNode = FALSE
	EndGlobalSection
	GlobalSection(ExtensibilityGlobals) = postSolution
		SolutionGuid = {982DC6CC-D837-4219-AEE6-523CFB81F96F}
	EndGlobalSection
EndGlobal
