
Microsoft Visual Studio Solution File, Format Version 12.00
# Visual Studio Version 16
VisualStudioVersion = 16.0.30104.148
MinimumVisualStudioVersion = 10.0.40219.1
Project("{FAE04EC0-301F-11D3-BF4B-00C04F79EFBC}") = "wavemp3", "wavemp3\wavemp3.csproj", "{AC59E0B5-BC65-4343-85DC-A4E050D463DE}"
EndProject
Global
	GlobalSection(SolutionConfigurationPlatforms) = preSolution
		Debug|Any CPU = Debug|Any CPU
		Release|Any CPU = Release|Any CPU
	EndGlobalSection
	GlobalSection(ProjectConfigurationPlatforms) = postSolution
		{AC59E0B5-BC65-4343-85DC-A4E050D463DE}.Debug|Any CPU.ActiveCfg = Debug|Any CPU
		{AC59E0B5-BC65-4343-85DC-A4E050D463DE}.Debug|Any CPU.Build.0 = Debug|Any CPU
		{AC59E0B5-BC65-4343-85DC-A4E050D463DE}.Release|Any CPU.ActiveCfg = Release|Any CPU
		{AC59E0B5-BC65-4343-85DC-A4E050D463DE}.Release|Any CPU.Build.0 = Release|Any CPU
	EndGlobalSection
	GlobalSection(SolutionProperties) = preSolution
		HideSolutionNode = FALSE
	EndGlobalSection
	GlobalSection(ExtensibilityGlobals) = postSolution
		SolutionGuid = {691C448C-D242-4504-8346-145B145ED938}
	EndGlobalSection
EndGlobal
